
Microsoft Visual Studio Solution File, Format Version 12.00
# Visual Studio Version 16
VisualStudioVersion = 16.0.32413.511
MinimumVisualStudioVersion = 10.0.40219.1
Project("{FAE04EC0-301F-11D3-BF4B-00C04F79EFBC}") = "LearnLINQAndConnection", "LearnLINQAndConnection\LearnLINQAndConnection.csproj", "{A0564259-335A-4A78-A09F-C563A86DA003}"
EndProject
Global
	GlobalSection(SolutionConfigurationPlatforms) = preSolution
		Debug|Any CPU = Debug|Any CPU
		Release|Any CPU = Release|Any CPU
	EndGlobalSection
	GlobalSection(ProjectConfigurationPlatforms) = postSolution
		{A0564259-335A-4A78-A09F-C563A86DA003}.Debug|Any CPU.ActiveCfg = Debug|Any CPU
		{A0564259-335A-4A78-A09F-C563A86DA003}.Debug|Any CPU.Build.0 = Debug|Any CPU
		{A0564259-335A-4A78-A09F-C563A86DA003}.Release|Any CPU.ActiveCfg = Release|Any CPU
		{A0564259-335A-4A78-A09F-C563A86DA003}.Release|Any CPU.Build.0 = Release|Any CPU
	EndGlobalSection
	GlobalSection(SolutionProperties) = preSolution
		HideSolutionNode = FALSE
	EndGlobalSection
	GlobalSection(ExtensibilityGlobals) = postSolution
		SolutionGuid = {A0B93017-6542-465C-A32B-189E1B6762EF}
	EndGlobalSection
EndGlobal
